
Microsoft Visual Studio Solution File, Format Version 12.00
# Visual Studio 2012
Project("{8BC9CEB8-8B4A-11D0-8D11-00A0C91BC942}") = "RealtimeBuildingGenerator_STH", "RealtimeBuildingGenerator_STH\RealtimeBuildingGenerator_STH.vcxproj", "{FC5A238C-FCA2-4234-874F-8111273A1853}"
EndProject
Global
	GlobalSection(SolutionConfigurationPlatforms) = preSolution
		Debug|Win32 = Debug|Win32
		Release|Win32 = Release|Win32
	EndGlobalSection
	GlobalSection(ProjectConfigurationPlatforms) = postSolution
		{FC5A238C-FCA2-4234-874F-8111273A1853}.Debug|Win32.ActiveCfg = Debug|Win32
		{FC5A238C-FCA2-4234-874F-8111273A1853}.Debug|Win32.Build.0 = Debug|Win32
		{FC5A238C-FCA2-4234-874F-8111273A1853}.Release|Win32.ActiveCfg = Release|Win32
		{FC5A238C-FCA2-4234-874F-8111273A1853}.Release|Win32.Build.0 = Release|Win32
	EndGlobalSection
	GlobalSection(SolutionProperties) = preSolution
		HideSolutionNode = FALSE
	EndGlobalSection
EndGlobal
